{
  "pins" : [
    {
      "identity" : "alnui",
      "kind" : "remoteSourceControl",
      "location" : "https://github.com/alexanderleo0/ALNUI",
      "state" : {
        "branch" : "main",
        "revision" : "847359c7c81ad5c50f6e0ac99e6f28799cd4ef7b"
      }
    },
    {
      "identity" : "kingfisher",
      "kind" : "remoteSourceControl",
      "location" : "https://github.com/onevcat/Kingfisher.git",
      "state" : {
        "branch" : "master",
        "revision" : "9375e4a0e5db3698c1f92bd5d1dc88b0b71caa8b"
      }
    },
    {
      "identity" : "navstack",
      "kind" : "remoteSourceControl",
      "location" : "https://github.com/alexanderleo0/NavStack",
      "state" : {
        "branch" : "main",
        "revision" : "f82f1f5d15c149edac5c3f5f3500a55006d4ce85"
      }
    },
    {
      "identity" : "networking",
      "kind" : "remoteSourceControl",
      "location" : "https://github.com/alexanderleo0/Networking",
      "state" : {
        "branch" : "R&M_edition",
        "revision" : "f21a8b0dccc27d58d843ccc1a852d3c0f7520fca"
      }
    }
  ],
  "version" : 2
}
