// !$*UTF8*$!
{
	archiveVersion = 1;
	classes = {
	};
	objectVersion = 56;
	objects = {

/* Begin PBXBuildFile section */
		7B1FE9C029CB1D730009EA32 /* Array+IsLast.swift in Sources */ = {isa = PBXBuildFile; fileRef = 7B1FE9BF29CB1D730009EA32 /* Array+IsLast.swift */; };
		7B1FE9C229CB1DBE0009EA32 /* View+Extension.swift in Sources */ = {isa = PBXBuildFile; fileRef = 7B1FE9C129CB1DBE0009EA32 /* View+Extension.swift */; };
		7B1FE9C429CB1E1D0009EA32 /* ProgressViewModifier.swift in Sources */ = {isa = PBXBuildFile; fileRef = 7B1FE9C329CB1E1D0009EA32 /* ProgressViewModifier.swift */; };
		7B1FE9C729CB1FCD0009EA32 /* Deals+Identifiable.swift in Sources */ = {isa = PBXBuildFile; fileRef = 7B1FE9C629CB1FCD0009EA32 /* Deals+Identifiable.swift */; };
		7B27EF8329C2432C00FAD458 /* _2_HW_SwiftUI_NikitinApp.swift in Sources */ = {isa = PBXBuildFile; fileRef = 7B27EF8229C2432C00FAD458 /* _2_HW_SwiftUI_NikitinApp.swift */; };
		7B27EF8529C2432C00FAD458 /* RootView.swift in Sources */ = {isa = PBXBuildFile; fileRef = 7B27EF8429C2432C00FAD458 /* RootView.swift */; };
		7B27EF8729C2432D00FAD458 /* Assets.xcassets in Resources */ = {isa = PBXBuildFile; fileRef = 7B27EF8629C2432D00FAD458 /* Assets.xcassets */; };
		7B27EF8A29C2432D00FAD458 /* Preview Assets.xcassets in Resources */ = {isa = PBXBuildFile; fileRef = 7B27EF8929C2432D00FAD458 /* Preview Assets.xcassets */; };
		7B27EFB129C2660500FAD458 /* Kingfisher in Frameworks */ = {isa = PBXBuildFile; productRef = 7B27EFB029C2660500FAD458 /* Kingfisher */; };
		7B9A03A229CA468A00861941 /* CSViewModel.swift in Sources */ = {isa = PBXBuildFile; fileRef = 7B9A03A129CA468A00861941 /* CSViewModel.swift */; };
		7BBBABE329CCD5AA00846513 /* SecondScreen.swift in Sources */ = {isa = PBXBuildFile; fileRef = 7BBBABE229CCD5AA00846513 /* SecondScreen.swift */; };
		7BBBABE529CCD5D100846513 /* ThirdScreen.swift in Sources */ = {isa = PBXBuildFile; fileRef = 7BBBABE429CCD5D100846513 /* ThirdScreen.swift */; };
		7BBBABE829CCD64800846513 /* CardsView.swift in Sources */ = {isa = PBXBuildFile; fileRef = 7BBBABE729CCD64800846513 /* CardsView.swift */; };
		7BBBABEC29CE2C9300846513 /* ALNUI in Frameworks */ = {isa = PBXBuildFile; productRef = 7BBBABEB29CE2C9300846513 /* ALNUI */; };
		7BBBABEF29CE2CEE00846513 /* Networking in Frameworks */ = {isa = PBXBuildFile; productRef = 7BBBABEE29CE2CEE00846513 /* Networking */; };
		7BBBABF229CE2D0C00846513 /* NavStack in Frameworks */ = {isa = PBXBuildFile; productRef = 7BBBABF129CE2D0C00846513 /* NavStack */; };
/* End PBXBuildFile section */

/* Begin PBXFileReference section */
		7B1FE9BF29CB1D730009EA32 /* Array+IsLast.swift */ = {isa = PBXFileReference; fileEncoding = 4; lastKnownFileType = sourcecode.swift; path = "Array+IsLast.swift"; sourceTree = "<group>"; };
		7B1FE9C129CB1DBE0009EA32 /* View+Extension.swift */ = {isa = PBXFileReference; fileEncoding = 4; lastKnownFileType = sourcecode.swift; path = "View+Extension.swift"; sourceTree = "<group>"; };
		7B1FE9C329CB1E1D0009EA32 /* ProgressViewModifier.swift */ = {isa = PBXFileReference; fileEncoding = 4; lastKnownFileType = sourcecode.swift; path = ProgressViewModifier.swift; sourceTree = "<group>"; };
		7B1FE9C629CB1FCD0009EA32 /* Deals+Identifiable.swift */ = {isa = PBXFileReference; lastKnownFileType = sourcecode.swift; path = "Deals+Identifiable.swift"; sourceTree = "<group>"; };
		7B27EF7F29C2432C00FAD458 /* 02-HW-SwiftUI-Nikitin.app */ = {isa = PBXFileReference; explicitFileType = wrapper.application; includeInIndex = 0; path = "02-HW-SwiftUI-Nikitin.app"; sourceTree = BUILT_PRODUCTS_DIR; };
		7B27EF8229C2432C00FAD458 /* _2_HW_SwiftUI_NikitinApp.swift */ = {isa = PBXFileReference; lastKnownFileType = sourcecode.swift; path = _2_HW_SwiftUI_NikitinApp.swift; sourceTree = "<group>"; };
		7B27EF8429C2432C00FAD458 /* RootView.swift */ = {isa = PBXFileReference; lastKnownFileType = sourcecode.swift; path = RootView.swift; sourceTree = "<group>"; };
		7B27EF8629C2432D00FAD458 /* Assets.xcassets */ = {isa = PBXFileReference; lastKnownFileType = folder.assetcatalog; path = Assets.xcassets; sourceTree = "<group>"; };
		7B27EF8929C2432D00FAD458 /* Preview Assets.xcassets */ = {isa = PBXFileReference; lastKnownFileType = folder.assetcatalog; path = "Preview Assets.xcassets"; sourceTree = "<group>"; };
		7B9A03A129CA468A00861941 /* CSViewModel.swift */ = {isa = PBXFileReference; lastKnownFileType = sourcecode.swift; path = CSViewModel.swift; sourceTree = "<group>"; };
		7BBBABE129CC963700846513 /* -2-HW-SwiftUI-Nikitin-Info.plist */ = {isa = PBXFileReference; lastKnownFileType = text.plist; path = "-2-HW-SwiftUI-Nikitin-Info.plist"; sourceTree = SOURCE_ROOT; };
		7BBBABE229CCD5AA00846513 /* SecondScreen.swift */ = {isa = PBXFileReference; lastKnownFileType = sourcecode.swift; path = SecondScreen.swift; sourceTree = "<group>"; };
		7BBBABE429CCD5D100846513 /* ThirdScreen.swift */ = {isa = PBXFileReference; lastKnownFileType = sourcecode.swift; path = ThirdScreen.swift; sourceTree = "<group>"; };
		7BBBABE729CCD64800846513 /* CardsView.swift */ = {isa = PBXFileReference; lastKnownFileType = sourcecode.swift; path = CardsView.swift; sourceTree = "<group>"; };
/* End PBXFileReference section */

/* Begin PBXFrameworksBuildPhase section */
		7B27EF7C29C2432C00FAD458 /* Frameworks */ = {
			isa = PBXFrameworksBuildPhase;
			buildActionMask = 2147483647;
			files = (
				7B27EFB129C2660500FAD458 /* Kingfisher in Frameworks */,
				7BBBABEC29CE2C9300846513 /* ALNUI in Frameworks */,
				7BBBABEF29CE2CEE00846513 /* Networking in Frameworks */,
				7BBBABF229CE2D0C00846513 /* NavStack in Frameworks */,
			);
			runOnlyForDeploymentPostprocessing = 0;
		};
/* End PBXFrameworksBuildPhase section */

/* Begin PBXGroup section */
		7B1FE9BE29CB1D5A0009EA32 /* Extensions */ = {
			isa = PBXGroup;
			children = (
				7B1FE9BF29CB1D730009EA32 /* Array+IsLast.swift */,
				7B1FE9C129CB1DBE0009EA32 /* View+Extension.swift */,
				7B1FE9C629CB1FCD0009EA32 /* Deals+Identifiable.swift */,
			);
			path = Extensions;
			sourceTree = "<group>";
		};
		7B1FE9C529CB1E220009EA32 /* ViewModifier */ = {
			isa = PBXGroup;
			children = (
				7B1FE9C329CB1E1D0009EA32 /* ProgressViewModifier.swift */,
			);
			path = ViewModifier;
			sourceTree = "<group>";
		};
		7B27EF7629C2432C00FAD458 = {
			isa = PBXGroup;
			children = (
				7B27EFA529C25A2D00FAD458 /* Packages */,
				7B27EF8129C2432C00FAD458 /* 02-HW-SwiftUI-Nikitin */,
				7B27EF8029C2432C00FAD458 /* Products */,
				7B27EF9529C252EF00FAD458 /* Frameworks */,
			);
			sourceTree = "<group>";
		};
		7B27EF8029C2432C00FAD458 /* Products */ = {
			isa = PBXGroup;
			children = (
				7B27EF7F29C2432C00FAD458 /* 02-HW-SwiftUI-Nikitin.app */,
			);
			name = Products;
			sourceTree = "<group>";
		};
		7B27EF8129C2432C00FAD458 /* 02-HW-SwiftUI-Nikitin */ = {
			isa = PBXGroup;
			children = (
				7BBBABE129CC963700846513 /* -2-HW-SwiftUI-Nikitin-Info.plist */,
				7B27EF8229C2432C00FAD458 /* _2_HW_SwiftUI_NikitinApp.swift */,
				7B1FE9C529CB1E220009EA32 /* ViewModifier */,
				7B1FE9BE29CB1D5A0009EA32 /* Extensions */,
				7BBBABE929CCD64D00846513 /* Views */,
				7BBBABE629CCD5DC00846513 /* Screens */,
				7B27EFAA29C25BD200FAD458 /* ViewModels */,
				7B27EF8629C2432D00FAD458 /* Assets.xcassets */,
				7B27EF8829C2432D00FAD458 /* Preview Content */,
			);
			path = "02-HW-SwiftUI-Nikitin";
			sourceTree = "<group>";
		};
		7B27EF8829C2432D00FAD458 /* Preview Content */ = {
			isa = PBXGroup;
			children = (
				7B27EF8929C2432D00FAD458 /* Preview Assets.xcassets */,
			);
			path = "Preview Content";
			sourceTree = "<group>";
		};
		7B27EF9529C252EF00FAD458 /* Frameworks */ = {
			isa = PBXGroup;
			children = (
			);
			name = Frameworks;
			sourceTree = "<group>";
		};
		7B27EFA529C25A2D00FAD458 /* Packages */ = {
			isa = PBXGroup;
			children = (
			);
			name = Packages;
			sourceTree = "<group>";
		};
		7B27EFAA29C25BD200FAD458 /* ViewModels */ = {
			isa = PBXGroup;
			children = (
				7B9A03A129CA468A00861941 /* CSViewModel.swift */,
			);
			path = ViewModels;
			sourceTree = "<group>";
		};
		7BBBABE629CCD5DC00846513 /* Screens */ = {
			isa = PBXGroup;
			children = (
				7B27EF8429C2432C00FAD458 /* RootView.swift */,
				7BBBABE229CCD5AA00846513 /* SecondScreen.swift */,
				7BBBABE429CCD5D100846513 /* ThirdScreen.swift */,
			);
			path = Screens;
			sourceTree = "<group>";
		};
		7BBBABE929CCD64D00846513 /* Views */ = {
			isa = PBXGroup;
			children = (
				7BBBABE729CCD64800846513 /* CardsView.swift */,
			);
			path = Views;
			sourceTree = "<group>";
		};
/* End PBXGroup section */

/* Begin PBXNativeTarget section */
		7B27EF7E29C2432C00FAD458 /* 02-HW-SwiftUI-Nikitin */ = {
			isa = PBXNativeTarget;
			buildConfigurationList = 7B27EF8D29C2432D00FAD458 /* Build configuration list for PBXNativeTarget "02-HW-SwiftUI-Nikitin" */;
			buildPhases = (
				7B27EF7B29C2432C00FAD458 /* Sources */,
				7B27EF7C29C2432C00FAD458 /* Frameworks */,
				7B27EF7D29C2432C00FAD458 /* Resources */,
			);
			buildRules = (
			);
			dependencies = (
			);
			name = "02-HW-SwiftUI-Nikitin";
			packageProductDependencies = (
				7B27EFB029C2660500FAD458 /* Kingfisher */,
				7BBBABEB29CE2C9300846513 /* ALNUI */,
				7BBBABEE29CE2CEE00846513 /* Networking */,
				7BBBABF129CE2D0C00846513 /* NavStack */,
			);
			productName = "02-HW-SwiftUI-Nikitin";
			productReference = 7B27EF7F29C2432C00FAD458 /* 02-HW-SwiftUI-Nikitin.app */;
			productType = "com.apple.product-type.application";
		};
/* End PBXNativeTarget section */

/* Begin PBXProject section */
		7B27EF7729C2432C00FAD458 /* Project object */ = {
			isa = PBXProject;
			attributes = {
				BuildIndependentTargetsInParallel = 1;
				LastSwiftUpdateCheck = 1420;
				LastUpgradeCheck = 1420;
				TargetAttributes = {
					7B27EF7E29C2432C00FAD458 = {
						CreatedOnToolsVersion = 14.2;
					};
				};
			};
			buildConfigurationList = 7B27EF7A29C2432C00FAD458 /* Build configuration list for PBXProject "02-HW-SwiftUI-Nikitin" */;
			compatibilityVersion = "Xcode 14.0";
			developmentRegion = en;
			hasScannedForEncodings = 0;
			knownRegions = (
				en,
				Base,
			);
			mainGroup = 7B27EF7629C2432C00FAD458;
			packageReferences = (
				7B27EFAF29C2660500FAD458 /* XCRemoteSwiftPackageReference "Kingfisher" */,
				7BBBABEA29CE2C9300846513 /* XCRemoteSwiftPackageReference "ALNUI" */,
				7BBBABED29CE2CEE00846513 /* XCRemoteSwiftPackageReference "Networking" */,
				7BBBABF029CE2D0C00846513 /* XCRemoteSwiftPackageReference "NavStack" */,
			);
			productRefGroup = 7B27EF8029C2432C00FAD458 /* Products */;
			projectDirPath = "";
			projectRoot = "";
			targets = (
				7B27EF7E29C2432C00FAD458 /* 02-HW-SwiftUI-Nikitin */,
			);
		};
/* End PBXProject section */

/* Begin PBXResourcesBuildPhase section */
		7B27EF7D29C2432C00FAD458 /* Resources */ = {
			isa = PBXResourcesBuildPhase;
			buildActionMask = 2147483647;
			files = (
				7B27EF8A29C2432D00FAD458 /* Preview Assets.xcassets in Resources */,
				7B27EF8729C2432D00FAD458 /* Assets.xcassets in Resources */,
			);
			runOnlyForDeploymentPostprocessing = 0;
		};
/* End PBXResourcesBuildPhase section */

/* Begin PBXSourcesBuildPhase section */
		7B27EF7B29C2432C00FAD458 /* Sources */ = {
			isa = PBXSourcesBuildPhase;
			buildActionMask = 2147483647;
			files = (
				7BBBABE829CCD64800846513 /* CardsView.swift in Sources */,
				7BBBABE529CCD5D100846513 /* ThirdScreen.swift in Sources */,
				7B9A03A229CA468A00861941 /* CSViewModel.swift in Sources */,
				7B27EF8529C2432C00FAD458 /* RootView.swift in Sources */,
				7B1FE9C429CB1E1D0009EA32 /* ProgressViewModifier.swift in Sources */,
				7B27EF8329C2432C00FAD458 /* _2_HW_SwiftUI_NikitinApp.swift in Sources */,
				7B1FE9C229CB1DBE0009EA32 /* View+Extension.swift in Sources */,
				7B1FE9C729CB1FCD0009EA32 /* Deals+Identifiable.swift in Sources */,
				7B1FE9C029CB1D730009EA32 /* Array+IsLast.swift in Sources */,
				7BBBABE329CCD5AA00846513 /* SecondScreen.swift in Sources */,
			);
			runOnlyForDeploymentPostprocessing = 0;
		};
/* End PBXSourcesBuildPhase section */

/* Begin XCBuildConfiguration section */
		7B27EF8B29C2432D00FAD458 /* Debug */ = {
			isa = XCBuildConfiguration;
			buildSettings = {
				ALWAYS_SEARCH_USER_PATHS = NO;
				CLANG_ANALYZER_NONNULL = YES;
				CLANG_ANALYZER_NUMBER_OBJECT_CONVERSION = YES_AGGRESSIVE;
				CLANG_CXX_LANGUAGE_STANDARD = "gnu++20";
				CLANG_ENABLE_MODULES = YES;
				CLANG_ENABLE_OBJC_ARC = YES;
				CLANG_ENABLE_OBJC_WEAK = YES;
				CLANG_WARN_BLOCK_CAPTURE_AUTORELEASING = YES;
				CLANG_WARN_BOOL_CONVERSION = YES;
				CLANG_WARN_COMMA = YES;
				CLANG_WARN_CONSTANT_CONVERSION = YES;
				CLANG_WARN_DEPRECATED_OBJC_IMPLEMENTATIONS = YES;
				CLANG_WARN_DIRECT_OBJC_ISA_USAGE = YES_ERROR;
				CLANG_WARN_DOCUMENTATION_COMMENTS = YES;
				CLANG_WARN_EMPTY_BODY = YES;
				CLANG_WARN_ENUM_CONVERSION = YES;
				CLANG_WARN_INFINITE_RECURSION = YES;
				CLANG_WARN_INT_CONVERSION = YES;
				CLANG_WARN_NON_LITERAL_NULL_CONVERSION = YES;
				CLANG_WARN_OBJC_IMPLICIT_RETAIN_SELF = YES;
				CLANG_WARN_OBJC_LITERAL_CONVERSION = YES;
				CLANG_WARN_OBJC_ROOT_CLASS = YES_ERROR;
				CLANG_WARN_QUOTED_INCLUDE_IN_FRAMEWORK_HEADER = YES;
				CLANG_WARN_RANGE_LOOP_ANALYSIS = YES;
				CLANG_WARN_STRICT_PROTOTYPES = YES;
				CLANG_WARN_SUSPICIOUS_MOVE = YES;
				CLANG_WARN_UNGUARDED_AVAILABILITY = YES_AGGRESSIVE;
				CLANG_WARN_UNREACHABLE_CODE = YES;
				CLANG_WARN__DUPLICATE_METHOD_MATCH = YES;
				COPY_PHASE_STRIP = NO;
				DEBUG_INFORMATION_FORMAT = dwarf;
				ENABLE_STRICT_OBJC_MSGSEND = YES;
				ENABLE_TESTABILITY = YES;
				GCC_C_LANGUAGE_STANDARD = gnu11;
				GCC_DYNAMIC_NO_PIC = NO;
				GCC_NO_COMMON_BLOCKS = YES;
				GCC_OPTIMIZATION_LEVEL = 0;
				GCC_PREPROCESSOR_DEFINITIONS = (
					"DEBUG=1",
					"$(inherited)",
				);
				GCC_WARN_64_TO_32_BIT_CONVERSION = YES;
				GCC_WARN_ABOUT_RETURN_TYPE = YES_ERROR;
				GCC_WARN_UNDECLARED_SELECTOR = YES;
				GCC_WARN_UNINITIALIZED_AUTOS = YES_AGGRESSIVE;
				GCC_WARN_UNUSED_FUNCTION = YES;
				GCC_WARN_UNUSED_VARIABLE = YES;
				IPHONEOS_DEPLOYMENT_TARGET = 16.2;
				MTL_ENABLE_DEBUG_INFO = INCLUDE_SOURCE;
				MTL_FAST_MATH = YES;
				ONLY_ACTIVE_ARCH = YES;
				SDKROOT = iphoneos;
				SWIFT_ACTIVE_COMPILATION_CONDITIONS = DEBUG;
				SWIFT_OPTIMIZATION_LEVEL = "-Onone";
			};
			name = Debug;
		};
		7B27EF8C29C2432D00FAD458 /* Release */ = {
			isa = XCBuildConfiguration;
			buildSettings = {
				ALWAYS_SEARCH_USER_PATHS = NO;
				CLANG_ANALYZER_NONNULL = YES;
				CLANG_ANALYZER_NUMBER_OBJECT_CONVERSION = YES_AGGRESSIVE;
				CLANG_CXX_LANGUAGE_STANDARD = "gnu++20";
				CLANG_ENABLE_MODULES = YES;
				CLANG_ENABLE_OBJC_ARC = YES;
				CLANG_ENABLE_OBJC_WEAK = YES;
				CLANG_WARN_BLOCK_CAPTURE_AUTORELEASING = YES;
				CLANG_WARN_BOOL_CONVERSION = YES;
				CLANG_WARN_COMMA = YES;
				CLANG_WARN_CONSTANT_CONVERSION = YES;
				CLANG_WARN_DEPRECATED_OBJC_IMPLEMENTATIONS = YES;
				CLANG_WARN_DIRECT_OBJC_ISA_USAGE = YES_ERROR;
				CLANG_WARN_DOCUMENTATION_COMMENTS = YES;
				CLANG_WARN_EMPTY_BODY = YES;
				CLANG_WARN_ENUM_CONVERSION = YES;
				CLANG_WARN_INFINITE_RECURSION = YES;
				CLANG_WARN_INT_CONVERSION = YES;
				CLANG_WARN_NON_LITERAL_NULL_CONVERSION = YES;
				CLANG_WARN_OBJC_IMPLICIT_RETAIN_SELF = YES;
				CLANG_WARN_OBJC_LITERAL_CONVERSION = YES;
				CLANG_WARN_OBJC_ROOT_CLASS = YES_ERROR;
				CLANG_WARN_QUOTED_INCLUDE_IN_FRAMEWORK_HEADER = YES;
				CLANG_WARN_RANGE_LOOP_ANALYSIS = YES;
				CLANG_WARN_STRICT_PROTOTYPES = YES;
				CLANG_WARN_SUSPICIOUS_MOVE = YES;
				CLANG_WARN_UNGUARDED_AVAILABILITY = YES_AGGRESSIVE;
				CLANG_WARN_UNREACHABLE_CODE = YES;
				CLANG_WARN__DUPLICATE_METHOD_MATCH = YES;
				COPY_PHASE_STRIP = NO;
				DEBUG_INFORMATION_FORMAT = "dwarf-with-dsym";
				ENABLE_NS_ASSERTIONS = NO;
				ENABLE_STRICT_OBJC_MSGSEND = YES;
				GCC_C_LANGUAGE_STANDARD = gnu11;
				GCC_NO_COMMON_BLOCKS = YES;
				GCC_WARN_64_TO_32_BIT_CONVERSION = YES;
				GCC_WARN_ABOUT_RETURN_TYPE = YES_ERROR;
				GCC_WARN_UNDECLARED_SELECTOR = YES;
				GCC_WARN_UNINITIALIZED_AUTOS = YES_AGGRESSIVE;
				GCC_WARN_UNUSED_FUNCTION = YES;
				GCC_WARN_UNUSED_VARIABLE = YES;
				IPHONEOS_DEPLOYMENT_TARGET = 16.2;
				MTL_ENABLE_DEBUG_INFO = NO;
				MTL_FAST_MATH = YES;
				SDKROOT = iphoneos;
				SWIFT_COMPILATION_MODE = wholemodule;
				SWIFT_OPTIMIZATION_LEVEL = "-O";
				VALIDATE_PRODUCT = YES;
			};
			name = Release;
		};
		7B27EF8E29C2432D00FAD458 /* Debug */ = {
			isa = XCBuildConfiguration;
			buildSettings = {
				ASSETCATALOG_COMPILER_APPICON_NAME = AppIcon;
				ASSETCATALOG_COMPILER_GLOBAL_ACCENT_COLOR_NAME = AccentColor;
				CODE_SIGN_STYLE = Automatic;
				CURRENT_PROJECT_VERSION = 1;
				DEVELOPMENT_ASSET_PATHS = "\"02-HW-SwiftUI-Nikitin/Preview Content\"";
				DEVELOPMENT_TEAM = N73PD4YDBG;
				ENABLE_PREVIEWS = YES;
				GENERATE_INFOPLIST_FILE = YES;
				INFOPLIST_FILE = "-2-HW-SwiftUI-Nikitin-Info.plist";
				INFOPLIST_KEY_UIApplicationSceneManifest_Generation = YES;
				INFOPLIST_KEY_UIApplicationSupportsIndirectInputEvents = YES;
				INFOPLIST_KEY_UILaunchScreen_Generation = YES;
				INFOPLIST_KEY_UISupportedInterfaceOrientations_iPad = "UIInterfaceOrientationPortrait UIInterfaceOrientationPortraitUpsideDown UIInterfaceOrientationLandscapeLeft UIInterfaceOrientationLandscapeRight";
				INFOPLIST_KEY_UISupportedInterfaceOrientations_iPhone = "UIInterfaceOrientationPortrait UIInterfaceOrientationLandscapeLeft UIInterfaceOrientationLandscapeRight";
				IPHONEOS_DEPLOYMENT_TARGET = 14.0;
				LD_RUNPATH_SEARCH_PATHS = (
					"$(inherited)",
					"@executable_path/Frameworks",
				);
				MARKETING_VERSION = 1.0;
				PRODUCT_BUNDLE_IDENTIFIER = "al.nikitin.-2-HW-SwiftUI-Nikitin";
				PRODUCT_NAME = "$(TARGET_NAME)";
				SWIFT_EMIT_LOC_STRINGS = YES;
				SWIFT_VERSION = 5.0;
				TARGETED_DEVICE_FAMILY = "1,2";
			};
			name = Debug;
		};
		7B27EF8F29C2432D00FAD458 /* Release */ = {
			isa = XCBuildConfiguration;
			buildSettings = {
				ASSETCATALOG_COMPILER_APPICON_NAME = AppIcon;
				ASSETCATALOG_COMPILER_GLOBAL_ACCENT_COLOR_NAME = AccentColor;
				CODE_SIGN_STYLE = Automatic;
				CURRENT_PROJECT_VERSION = 1;
				DEVELOPMENT_ASSET_PATHS = "\"02-HW-SwiftUI-Nikitin/Preview Content\"";
				DEVELOPMENT_TEAM = N73PD4YDBG;
				ENABLE_PREVIEWS = YES;
				GENERATE_INFOPLIST_FILE = YES;
				INFOPLIST_FILE = "-2-HW-SwiftUI-Nikitin-Info.plist";
				INFOPLIST_KEY_UIApplicationSceneManifest_Generation = YES;
				INFOPLIST_KEY_UIApplicationSupportsIndirectInputEvents = YES;
				INFOPLIST_KEY_UILaunchScreen_Generation = YES;
				INFOPLIST_KEY_UISupportedInterfaceOrientations_iPad = "UIInterfaceOrientationPortrait UIInterfaceOrientationPortraitUpsideDown UIInterfaceOrientationLandscapeLeft UIInterfaceOrientationLandscapeRight";
				INFOPLIST_KEY_UISupportedInterfaceOrientations_iPhone = "UIInterfaceOrientationPortrait UIInterfaceOrientationLandscapeLeft UIInterfaceOrientationLandscapeRight";
				IPHONEOS_DEPLOYMENT_TARGET = 14.0;
				LD_RUNPATH_SEARCH_PATHS = (
					"$(inherited)",
					"@executable_path/Frameworks",
				);
				MARKETING_VERSION = 1.0;
				PRODUCT_BUNDLE_IDENTIFIER = "al.nikitin.-2-HW-SwiftUI-Nikitin";
				PRODUCT_NAME = "$(TARGET_NAME)";
				SWIFT_EMIT_LOC_STRINGS = YES;
				SWIFT_VERSION = 5.0;
				TARGETED_DEVICE_FAMILY = "1,2";
			};
			name = Release;
		};
/* End XCBuildConfiguration section */

/* Begin XCConfigurationList section */
		7B27EF7A29C2432C00FAD458 /* Build configuration list for PBXProject "02-HW-SwiftUI-Nikitin" */ = {
			isa = XCConfigurationList;
			buildConfigurations = (
				7B27EF8B29C2432D00FAD458 /* Debug */,
				7B27EF8C29C2432D00FAD458 /* Release */,
			);
			defaultConfigurationIsVisible = 0;
			defaultConfigurationName = Release;
		};
		7B27EF8D29C2432D00FAD458 /* Build configuration list for PBXNativeTarget "02-HW-SwiftUI-Nikitin" */ = {
			isa = XCConfigurationList;
			buildConfigurations = (
				7B27EF8E29C2432D00FAD458 /* Debug */,
				7B27EF8F29C2432D00FAD458 /* Release */,
			);
			defaultConfigurationIsVisible = 0;
			defaultConfigurationName = Release;
		};
/* End XCConfigurationList section */

/* Begin XCRemoteSwiftPackageReference section */
		7B27EFAF29C2660500FAD458 /* XCRemoteSwiftPackageReference "Kingfisher" */ = {
			isa = XCRemoteSwiftPackageReference;
			repositoryURL = "https://github.com/onevcat/Kingfisher.git";
			requirement = {
				branch = master;
				kind = branch;
			};
		};
		7BBBABEA29CE2C9300846513 /* XCRemoteSwiftPackageReference "ALNUI" */ = {
			isa = XCRemoteSwiftPackageReference;
			repositoryURL = "https://github.com/alexanderleo0/ALNUI";
			requirement = {
				branch = main;
				kind = branch;
			};
		};
		7BBBABED29CE2CEE00846513 /* XCRemoteSwiftPackageReference "Networking" */ = {
			isa = XCRemoteSwiftPackageReference;
			repositoryURL = "https://github.com/alexanderleo0/Networking";
			requirement = {
				branch = "R&M_edition";
				kind = branch;
			};
		};
		7BBBABF029CE2D0C00846513 /* XCRemoteSwiftPackageReference "NavStack" */ = {
			isa = XCRemoteSwiftPackageReference;
			repositoryURL = "https://github.com/alexanderleo0/NavStack";
			requirement = {
				branch = main;
				kind = branch;
			};
		};
/* End XCRemoteSwiftPackageReference section */

/* Begin XCSwiftPackageProductDependency section */
		7B27EFB029C2660500FAD458 /* Kingfisher */ = {
			isa = XCSwiftPackageProductDependency;
			package = 7B27EFAF29C2660500FAD458 /* XCRemoteSwiftPackageReference "Kingfisher" */;
			productName = Kingfisher;
		};
		7BBBABEB29CE2C9300846513 /* ALNUI */ = {
			isa = XCSwiftPackageProductDependency;
			package = 7BBBABEA29CE2C9300846513 /* XCRemoteSwiftPackageReference "ALNUI" */;
			productName = ALNUI;
		};
		7BBBABEE29CE2CEE00846513 /* Networking */ = {
			isa = XCSwiftPackageProductDependency;
			package = 7BBBABED29CE2CEE00846513 /* XCRemoteSwiftPackageReference "Networking" */;
			productName = Networking;
		};
		7BBBABF129CE2D0C00846513 /* NavStack */ = {
			isa = XCSwiftPackageProductDependency;
			package = 7BBBABF029CE2D0C00846513 /* XCRemoteSwiftPackageReference "NavStack" */;
			productName = NavStack;
		};
/* End XCSwiftPackageProductDependency section */
	};
	rootObject = 7B27EF7729C2432C00FAD458 /* Project object */;
}
